
Microsoft Visual Studio Solution File, Format Version 12.00
# Visual Studio 15
VisualStudioVersion = 15.0.28307.1062
MinimumVisualStudioVersion = 10.0.40219.1
Project("{FAE04EC0-301F-11D3-BF4B-00C04F79EFBC}") = "ImportDll.Android", "ImportDll\ImportDll.Android\ImportDll.Android.csproj", "{A89BD28A-CA46-44F1-BD68-B1CE3D296A86}"
EndProject
Project("{FAE04EC0-301F-11D3-BF4B-00C04F79EFBC}") = "ImportDll.iOS", "ImportDll\ImportDll.iOS\ImportDll.iOS.csproj", "{61BD9042-4FCF-4E92-87AE-39AB20A4307E}"
EndProject
Project("{FAE04EC0-301F-11D3-BF4B-00C04F79EFBC}") = "ImportDll", "ImportDll\ImportDll\ImportDll.csproj", "{8A92666A-7409-4DD5-83B7-51C54E08664C}"
EndProject
Global
	GlobalSection(SolutionConfigurationPlatforms) = preSolution
		Ad-Hoc|Any CPU = Ad-Hoc|Any CPU
		Ad-Hoc|iPhone = Ad-Hoc|iPhone
		Ad-Hoc|iPhoneSimulator = Ad-Hoc|iPhoneSimulator
		AppStore|Any CPU = AppStore|Any CPU
		AppStore|iPhone = AppStore|iPhone
		AppStore|iPhoneSimulator = AppStore|iPhoneSimulator
		Debug|Any CPU = Debug|Any CPU
		Debug|iPhone = Debug|iPhone
		Debug|iPhoneSimulator = Debug|iPhoneSimulator
		Release|Any CPU = Release|Any CPU
		Release|iPhone = Release|iPhone
		Release|iPhoneSimulator = Release|iPhoneSimulator
	EndGlobalSection
	GlobalSection(ProjectConfigurationPlatforms) = postSolution
		{A89BD28A-CA46-44F1-BD68-B1CE3D296A86}.Ad-Hoc|Any CPU.ActiveCfg = Release|Any CPU
		{A89BD28A-CA46-44F1-BD68-B1CE3D296A86}.Ad-Hoc|Any CPU.Build.0 = Release|Any CPU
		{A89BD28A-CA46-44F1-BD68-B1CE3D296A86}.Ad-Hoc|Any CPU.Deploy.0 = Release|Any CPU
		{A89BD28A-CA46-44F1-BD68-B1CE3D296A86}.Ad-Hoc|iPhone.ActiveCfg = Release|Any CPU
		{A89BD28A-CA46-44F1-BD68-B1CE3D296A86}.Ad-Hoc|iPhone.Build.0 = Release|Any CPU
		{A89BD28A-CA46-44F1-BD68-B1CE3D296A86}.Ad-Hoc|iPhone.Deploy.0 = Release|Any CPU
		{A89BD28A-CA46-44F1-BD68-B1CE3D296A86}.Ad-Hoc|iPhoneSimulator.ActiveCfg = Release|Any CPU
		{A89BD28A-CA46-44F1-BD68-B1CE3D296A86}.Ad-Hoc|iPhoneSimulator.Build.0 = Release|Any CPU
		{A89BD28A-CA46-44F1-BD68-B1CE3D296A86}.Ad-Hoc|iPhoneSimulator.Deploy.0 = Release|Any CPU
		{A89BD28A-CA46-44F1-BD68-B1CE3D296A86}.AppStore|Any CPU.ActiveCfg = Release|Any CPU
		{A89BD28A-CA46-44F1-BD68-B1CE3D296A86}.AppStore|Any CPU.Build.0 = Release|Any CPU
		{A89BD28A-CA46-44F1-BD68-B1CE3D296A86}.AppStore|Any CPU.Deploy.0 = Release|Any CPU
		{A89BD28A-CA46-44F1-BD68-B1CE3D296A86}.AppStore|iPhone.ActiveCfg = Release|Any CPU
		{A89BD28A-CA46-44F1-BD68-B1CE3D296A86}.AppStore|iPhone.Build.0 = Release|Any CPU
		{A89BD28A-CA46-44F1-BD68-B1CE3D296A86}.AppStore|iPhone.Deploy.0 = Release|Any CPU
		{A89BD28A-CA46-44F1-BD68-B1CE3D296A86}.AppStore|iPhoneSimulator.ActiveCfg = Release|Any CPU
		{A89BD28A-CA46-44F1-BD68-B1CE3D296A86}.AppStore|iPhoneSimulator.Build.0 = Release|Any CPU
		{A89BD28A-CA46-44F1-BD68-B1CE3D296A86}.AppStore|iPhoneSimulator.Deploy.0 = Release|Any CPU
		{A89BD28A-CA46-44F1-BD68-B1CE3D296A86}.Debug|Any CPU.ActiveCfg = Debug|Any CPU
		{A89BD28A-CA46-44F1-BD68-B1CE3D296A86}.Debug|Any CPU.Build.0 = Debug|Any CPU
		{A89BD28A-CA46-44F1-BD68-B1CE3D296A86}.Debug|Any CPU.Deploy.0 = Debug|Any CPU
		{A89BD28A-CA46-44F1-BD68-B1CE3D296A86}.Debug|iPhone.ActiveCfg = Debug|Any CPU
		{A89BD28A-CA46-44F1-BD68-B1CE3D296A86}.Debug|iPhone.Build.0 = Debug|Any CPU
		{A89BD28A-CA46-44F1-BD68-B1CE3D296A86}.Debug|iPhone.Deploy.0 = Debug|Any CPU
		{A89BD28A-CA46-44F1-BD68-B1CE3D296A86}.Debug|iPhoneSimulator.ActiveCfg = Debug|Any CPU
		{A89BD28A-CA46-44F1-BD68-B1CE3D296A86}.Debug|iPhoneSimulator.Build.0 = Debug|Any CPU
		{A89BD28A-CA46-44F1-BD68-B1CE3D296A86}.Debug|iPhoneSimulator.Deploy.0 = Debug|Any CPU
		{A89BD28A-CA46-44F1-BD68-B1CE3D296A86}.Release|Any CPU.ActiveCfg = Release|Any CPU
		{A89BD28A-CA46-44F1-BD68-B1CE3D296A86}.Release|Any CPU.Build.0 = Release|Any CPU
		{A89BD28A-CA46-44F1-BD68-B1CE3D296A86}.Release|Any CPU.Deploy.0 = Release|Any CPU
		{A89BD28A-CA46-44F1-BD68-B1CE3D296A86}.Release|iPhone.ActiveCfg = Release|Any CPU
		{A89BD28A-CA46-44F1-BD68-B1CE3D296A86}.Release|iPhone.Build.0 = Release|Any CPU
		{A89BD28A-CA46-44F1-BD68-B1CE3D296A86}.Release|iPhone.Deploy.0 = Release|Any CPU
		{A89BD28A-CA46-44F1-BD68-B1CE3D296A86}.Release|iPhoneSimulator.ActiveCfg = Release|Any CPU
		{A89BD28A-CA46-44F1-BD68-B1CE3D296A86}.Release|iPhoneSimulator.Build.0 = Release|Any CPU
		{A89BD28A-CA46-44F1-BD68-B1CE3D296A86}.Release|iPhoneSimulator.Deploy.0 = Release|Any CPU
		{61BD9042-4FCF-4E92-87AE-39AB20A4307E}.Ad-Hoc|Any CPU.ActiveCfg = Ad-Hoc|iPhone
		{61BD9042-4FCF-4E92-87AE-39AB20A4307E}.Ad-Hoc|Any CPU.Build.0 = Ad-Hoc|iPhone
		{61BD9042-4FCF-4E92-87AE-39AB20A4307E}.Ad-Hoc|Any CPU.Deploy.0 = Ad-Hoc|iPhone
		{61BD9042-4FCF-4E92-87AE-39AB20A4307E}.Ad-Hoc|iPhone.ActiveCfg = Ad-Hoc|iPhone
		{61BD9042-4FCF-4E92-87AE-39AB20A4307E}.Ad-Hoc|iPhone.Build.0 = Ad-Hoc|iPhone
		{61BD9042-4FCF-4E92-87AE-39AB20A4307E}.Ad-Hoc|iPhone.Deploy.0 = Ad-Hoc|iPhone
		{61BD9042-4FCF-4E92-87AE-39AB20A4307E}.Ad-Hoc|iPhoneSimulator.ActiveCfg = Ad-Hoc|iPhoneSimulator
		{61BD9042-4FCF-4E92-87AE-39AB20A4307E}.Ad-Hoc|iPhoneSimulator.Build.0 = Ad-Hoc|iPhoneSimulator
		{61BD9042-4FCF-4E92-87AE-39AB20A4307E}.Ad-Hoc|iPhoneSimulator.Deploy.0 = Ad-Hoc|iPhoneSimulator
		{61BD9042-4FCF-4E92-87AE-39AB20A4307E}.AppStore|Any CPU.ActiveCfg = AppStore|iPhone
		{61BD9042-4FCF-4E92-87AE-39AB20A4307E}.AppStore|Any CPU.Build.0 = AppStore|iPhone
		{61BD9042-4FCF-4E92-87AE-39AB20A4307E}.AppStore|Any CPU.Deploy.0 = AppStore|iPhone
		{61BD9042-4FCF-4E92-87AE-39AB20A4307E}.AppStore|iPhone.ActiveCfg = AppStore|iPhone
		{61BD9042-4FCF-4E92-87AE-39AB20A4307E}.AppStore|iPhone.Build.0 = AppStore|iPhone
		{61BD9042-4FCF-4E92-87AE-39AB20A4307E}.AppStore|iPhone.Deploy.0 = AppStore|iPhone
		{61BD9042-4FCF-4E92-87AE-39AB20A4307E}.AppStore|iPhoneSimulator.ActiveCfg = AppStore|iPhoneSimulator
		{61BD9042-4FCF-4E92-87AE-39AB20A4307E}.AppStore|iPhoneSimulator.Build.0 = AppStore|iPhoneSimulator
		{61BD9042-4FCF-4E92-87AE-39AB20A4307E}.AppStore|iPhoneSimulator.Deploy.0 = AppStore|iPhoneSimulator
		{61BD9042-4FCF-4E92-87AE-39AB20A4307E}.Debug|Any CPU.ActiveCfg = Debug|iPhoneSimulator
		{61BD9042-4FCF-4E92-87AE-39AB20A4307E}.Debug|Any CPU.Build.0 = Debug|iPhoneSimulator
		{61BD9042-4FCF-4E92-87AE-39AB20A4307E}.Debug|Any CPU.Deploy.0 = Debug|iPhoneSimulator
		{61BD9042-4FCF-4E92-87AE-39AB20A4307E}.Debug|iPhone.ActiveCfg = Debug|iPhone
		{61BD9042-4FCF-4E92-87AE-39AB20A4307E}.Debug|iPhone.Build.0 = Debug|iPhone
		{61BD9042-4FCF-4E92-87AE-39AB20A4307E}.Debug|iPhone.Deploy.0 = Debug|iPhone
		{61BD9042-4FCF-4E92-87AE-39AB20A4307E}.Debug|iPhoneSimulator.ActiveCfg = Debug|iPhoneSimulator
		{61BD9042-4FCF-4E92-87AE-39AB20A4307E}.Debug|iPhoneSimulator.Build.0 = Debug|iPhoneSimulator
		{61BD9042-4FCF-4E92-87AE-39AB20A4307E}.Debug|iPhoneSimulator.Deploy.0 = Debug|iPhoneSimulator
		{61BD9042-4FCF-4E92-87AE-39AB20A4307E}.Release|Any CPU.ActiveCfg = Release|iPhone
		{61BD9042-4FCF-4E92-87AE-39AB20A4307E}.Release|Any CPU.Build.0 = Release|iPhone
		{61BD9042-4FCF-4E92-87AE-39AB20A4307E}.Release|Any CPU.Deploy.0 = Release|iPhone
		{61BD9042-4FCF-4E92-87AE-39AB20A4307E}.Release|iPhone.ActiveCfg = Release|iPhone
		{61BD9042-4FCF-4E92-87AE-39AB20A4307E}.Release|iPhone.Build.0 = Release|iPhone
		{61BD9042-4FCF-4E92-87AE-39AB20A4307E}.Release|iPhone.Deploy.0 = Release|iPhone
		{61BD9042-4FCF-4E92-87AE-39AB20A4307E}.Release|iPhoneSimulator.ActiveCfg = Release|iPhoneSimulator
		{61BD9042-4FCF-4E92-87AE-39AB20A4307E}.Release|iPhoneSimulator.Build.0 = Release|iPhoneSimulator
		{61BD9042-4FCF-4E92-87AE-39AB20A4307E}.Release|iPhoneSimulator.Deploy.0 = Release|iPhoneSimulator
		{8A92666A-7409-4DD5-83B7-51C54E08664C}.Ad-Hoc|Any CPU.ActiveCfg = Debug|Any CPU
		{8A92666A-7409-4DD5-83B7-51C54E08664C}.Ad-Hoc|Any CPU.Build.0 = Debug|Any CPU
		{8A92666A-7409-4DD5-83B7-51C54E08664C}.Ad-Hoc|Any CPU.Deploy.0 = Debug|Any CPU
		{8A92666A-7409-4DD5-83B7-51C54E08664C}.Ad-Hoc|iPhone.ActiveCfg = Debug|Any CPU
		{8A92666A-7409-4DD5-83B7-51C54E08664C}.Ad-Hoc|iPhone.Build.0 = Debug|Any CPU
		{8A92666A-7409-4DD5-83B7-51C54E08664C}.Ad-Hoc|iPhone.Deploy.0 = Debug|Any CPU
		{8A92666A-7409-4DD5-83B7-51C54E08664C}.Ad-Hoc|iPhoneSimulator.ActiveCfg = Debug|Any CPU
		{8A92666A-7409-4DD5-83B7-51C54E08664C}.Ad-Hoc|iPhoneSimulator.Build.0 = Debug|Any CPU
		{8A92666A-7409-4DD5-83B7-51C54E08664C}.Ad-Hoc|iPhoneSimulator.Deploy.0 = Debug|Any CPU
		{8A92666A-7409-4DD5-83B7-51C54E08664C}.AppStore|Any CPU.ActiveCfg = Debug|Any CPU
		{8A92666A-7409-4DD5-83B7-51C54E08664C}.AppStore|Any CPU.Build.0 = Debug|Any CPU
		{8A92666A-7409-4DD5-83B7-51C54E08664C}.AppStore|Any CPU.Deploy.0 = Debug|Any CPU
		{8A92666A-7409-4DD5-83B7-51C54E08664C}.AppStore|iPhone.ActiveCfg = Debug|Any CPU
		{8A92666A-7409-4DD5-83B7-51C54E08664C}.AppStore|iPhone.Build.0 = Debug|Any CPU
		{8A92666A-7409-4DD5-83B7-51C54E08664C}.AppStore|iPhone.Deploy.0 = Debug|Any CPU
		{8A92666A-7409-4DD5-83B7-51C54E08664C}.AppStore|iPhoneSimulator.ActiveCfg = Debug|Any CPU
		{8A92666A-7409-4DD5-83B7-51C54E08664C}.AppStore|iPhoneSimulator.Build.0 = Debug|Any CPU
		{8A92666A-7409-4DD5-83B7-51C54E08664C}.AppStore|iPhoneSimulator.Deploy.0 = Debug|Any CPU
		{8A92666A-7409-4DD5-83B7-51C54E08664C}.Debug|Any CPU.ActiveCfg = Debug|Any CPU
		{8A92666A-7409-4DD5-83B7-51C54E08664C}.Debug|Any CPU.Build.0 = Debug|Any CPU
		{8A92666A-7409-4DD5-83B7-51C54E08664C}.Debug|Any CPU.Deploy.0 = Debug|Any CPU
		{8A92666A-7409-4DD5-83B7-51C54E08664C}.Debug|iPhone.ActiveCfg = Debug|Any CPU
		{8A92666A-7409-4DD5-83B7-51C54E08664C}.Debug|iPhone.Build.0 = Debug|Any CPU
		{8A92666A-7409-4DD5-83B7-51C54E08664C}.Debug|iPhone.Deploy.0 = Debug|Any CPU
		{8A92666A-7409-4DD5-83B7-51C54E08664C}.Debug|iPhoneSimulator.ActiveCfg = Debug|Any CPU
		{8A92666A-7409-4DD5-83B7-51C54E08664C}.Debug|iPhoneSimulator.Build.0 = Debug|Any CPU
		{8A92666A-7409-4DD5-83B7-51C54E08664C}.Debug|iPhoneSimulator.Deploy.0 = Debug|Any CPU
		{8A92666A-7409-4DD5-83B7-51C54E08664C}.Release|Any CPU.ActiveCfg = Release|Any CPU
		{8A92666A-7409-4DD5-83B7-51C54E08664C}.Release|Any CPU.Build.0 = Release|Any CPU
		{8A92666A-7409-4DD5-83B7-51C54E08664C}.Release|Any CPU.Deploy.0 = Release|Any CPU
		{8A92666A-7409-4DD5-83B7-51C54E08664C}.Release|iPhone.ActiveCfg = Release|Any CPU
		{8A92666A-7409-4DD5-83B7-51C54E08664C}.Release|iPhone.Build.0 = Release|Any CPU
		{8A92666A-7409-4DD5-83B7-51C54E08664C}.Release|iPhone.Deploy.0 = Release|Any CPU
		{8A92666A-7409-4DD5-83B7-51C54E08664C}.Release|iPhoneSimulator.ActiveCfg = Release|Any CPU
		{8A92666A-7409-4DD5-83B7-51C54E08664C}.Release|iPhoneSimulator.Build.0 = Release|Any CPU
		{8A92666A-7409-4DD5-83B7-51C54E08664C}.Release|iPhoneSimulator.Deploy.0 = Release|Any CPU
	EndGlobalSection
	GlobalSection(SolutionProperties) = preSolution
		HideSolutionNode = FALSE
	EndGlobalSection
	GlobalSection(ExtensibilityGlobals) = postSolution
		SolutionGuid = {C9EDD1C7-0E0F-4450-830B-2C7584A59205}
	EndGlobalSection
EndGlobal
